
Microsoft Visual Studio Solution File, Format Version 12.00
# Visual Studio 14
VisualStudioVersion = 14.0.25420.1
MinimumVisualStudioVersion = 10.0.40219.1
Project("{FAE04EC0-301F-11D3-BF4B-00C04F79EFBC}") = "WPILib", "WPILib\WPILib.csproj", "{CADAD4A2-D72A-4906-A4F0-2FA2884F3349}"
EndProject
Project("{FAE04EC0-301F-11D3-BF4B-00C04F79EFBC}") = "HAL", "HAL\HAL.csproj", "{BFCE384E-CA2A-4604-AF76-777DA91DAFEE}"
EndProject
Project("{FAE04EC0-301F-11D3-BF4B-00C04F79EFBC}") = "WPILib.Extras", "WPILib.Extras\WPILib.Extras.csproj", "{C2E50521-7046-463E-86C9-CF567F8E62BD}"
EndProject
Project("{FAE04EC0-301F-11D3-BF4B-00C04F79EFBC}") = "WPILib.Tests", "WPILib.Tests\WPILib.Tests.csproj", "{72EB3037-F595-4352-BEBF-A0C062F510EB}"
EndProject
Project("{FAE04EC0-301F-11D3-BF4B-00C04F79EFBC}") = "WPILib.IntegrationTests", "WPILib.IntegrationTests\WPILib.IntegrationTests.csproj", "{94EAD8AC-121A-4D38-8FE3-959A47FDAF82}"
EndProject
Project("{FAE04EC0-301F-11D3-BF4B-00C04F79EFBC}") = "LoadTester", "LoadTester\LoadTester.csproj", "{37E5C3B8-AC6D-422E-AB48-BC01A78FCF4C}"
EndProject
Global
	GlobalSection(SolutionConfigurationPlatforms) = preSolution
		AppVeyor|Any CPU = AppVeyor|Any CPU
		Debug|Any CPU = Debug|Any CPU
		MonoDebug|Any CPU = MonoDebug|Any CPU
		Release|Any CPU = Release|Any CPU
	EndGlobalSection
	GlobalSection(ProjectConfigurationPlatforms) = postSolution
		{CADAD4A2-D72A-4906-A4F0-2FA2884F3349}.AppVeyor|Any CPU.ActiveCfg = AppVeyor|Any CPU
		{CADAD4A2-D72A-4906-A4F0-2FA2884F3349}.AppVeyor|Any CPU.Build.0 = AppVeyor|Any CPU
		{CADAD4A2-D72A-4906-A4F0-2FA2884F3349}.Debug|Any CPU.ActiveCfg = Debug|Any CPU
		{CADAD4A2-D72A-4906-A4F0-2FA2884F3349}.Debug|Any CPU.Build.0 = Debug|Any CPU
		{CADAD4A2-D72A-4906-A4F0-2FA2884F3349}.MonoDebug|Any CPU.ActiveCfg = Debug|Any CPU
		{CADAD4A2-D72A-4906-A4F0-2FA2884F3349}.MonoDebug|Any CPU.Build.0 = Debug|Any CPU
		{CADAD4A2-D72A-4906-A4F0-2FA2884F3349}.Release|Any CPU.ActiveCfg = Release|Any CPU
		{CADAD4A2-D72A-4906-A4F0-2FA2884F3349}.Release|Any CPU.Build.0 = Release|Any CPU
		{BFCE384E-CA2A-4604-AF76-777DA91DAFEE}.AppVeyor|Any CPU.ActiveCfg = AppVeyor|Any CPU
		{BFCE384E-CA2A-4604-AF76-777DA91DAFEE}.AppVeyor|Any CPU.Build.0 = AppVeyor|Any CPU
		{BFCE384E-CA2A-4604-AF76-777DA91DAFEE}.Debug|Any CPU.ActiveCfg = Debug|Any CPU
		{BFCE384E-CA2A-4604-AF76-777DA91DAFEE}.Debug|Any CPU.Build.0 = Debug|Any CPU
		{BFCE384E-CA2A-4604-AF76-777DA91DAFEE}.MonoDebug|Any CPU.ActiveCfg = Debug|Any CPU
		{BFCE384E-CA2A-4604-AF76-777DA91DAFEE}.MonoDebug|Any CPU.Build.0 = Debug|Any CPU
		{BFCE384E-CA2A-4604-AF76-777DA91DAFEE}.Release|Any CPU.ActiveCfg = Release|Any CPU
		{BFCE384E-CA2A-4604-AF76-777DA91DAFEE}.Release|Any CPU.Build.0 = Release|Any CPU
		{C2E50521-7046-463E-86C9-CF567F8E62BD}.AppVeyor|Any CPU.ActiveCfg = AppVeyor|Any CPU
		{C2E50521-7046-463E-86C9-CF567F8E62BD}.AppVeyor|Any CPU.Build.0 = AppVeyor|Any CPU
		{C2E50521-7046-463E-86C9-CF567F8E62BD}.Debug|Any CPU.ActiveCfg = Debug|Any CPU
		{C2E50521-7046-463E-86C9-CF567F8E62BD}.Debug|Any CPU.Build.0 = Debug|Any CPU
		{C2E50521-7046-463E-86C9-CF567F8E62BD}.MonoDebug|Any CPU.ActiveCfg = MonoDebug|Any CPU
		{C2E50521-7046-463E-86C9-CF567F8E62BD}.MonoDebug|Any CPU.Build.0 = MonoDebug|Any CPU
		{C2E50521-7046-463E-86C9-CF567F8E62BD}.Release|Any CPU.ActiveCfg = Release|Any CPU
		{C2E50521-7046-463E-86C9-CF567F8E62BD}.Release|Any CPU.Build.0 = Release|Any CPU
		{72EB3037-F595-4352-BEBF-A0C062F510EB}.AppVeyor|Any CPU.ActiveCfg = AppVeyor|Any CPU
		{72EB3037-F595-4352-BEBF-A0C062F510EB}.Debug|Any CPU.ActiveCfg = Debug|Any CPU
		{72EB3037-F595-4352-BEBF-A0C062F510EB}.Debug|Any CPU.Build.0 = Debug|Any CPU
		{72EB3037-F595-4352-BEBF-A0C062F510EB}.MonoDebug|Any CPU.ActiveCfg = MonoDebug|Any CPU
		{72EB3037-F595-4352-BEBF-A0C062F510EB}.Release|Any CPU.ActiveCfg = Release|Any CPU
		{72EB3037-F595-4352-BEBF-A0C062F510EB}.Release|Any CPU.Build.0 = Release|Any CPU
		{94EAD8AC-121A-4D38-8FE3-959A47FDAF82}.AppVeyor|Any CPU.ActiveCfg = AppVeyor|Any CPU
		{94EAD8AC-121A-4D38-8FE3-959A47FDAF82}.Debug|Any CPU.ActiveCfg = Debug|Any CPU
		{94EAD8AC-121A-4D38-8FE3-959A47FDAF82}.MonoDebug|Any CPU.ActiveCfg = Debug|Any CPU
		{94EAD8AC-121A-4D38-8FE3-959A47FDAF82}.Release|Any CPU.ActiveCfg = Release|Any CPU
		{37E5C3B8-AC6D-422E-AB48-BC01A78FCF4C}.AppVeyor|Any CPU.ActiveCfg = Release|Any CPU
		{37E5C3B8-AC6D-422E-AB48-BC01A78FCF4C}.AppVeyor|Any CPU.Build.0 = Release|Any CPU
		{37E5C3B8-AC6D-422E-AB48-BC01A78FCF4C}.Debug|Any CPU.ActiveCfg = Debug|Any CPU
		{37E5C3B8-AC6D-422E-AB48-BC01A78FCF4C}.Debug|Any CPU.Build.0 = Debug|Any CPU
		{37E5C3B8-AC6D-422E-AB48-BC01A78FCF4C}.MonoDebug|Any CPU.ActiveCfg = Debug|Any CPU
		{37E5C3B8-AC6D-422E-AB48-BC01A78FCF4C}.MonoDebug|Any CPU.Build.0 = Debug|Any CPU
		{37E5C3B8-AC6D-422E-AB48-BC01A78FCF4C}.Release|Any CPU.ActiveCfg = Release|Any CPU
		{37E5C3B8-AC6D-422E-AB48-BC01A78FCF4C}.Release|Any CPU.Build.0 = Release|Any CPU
	EndGlobalSection
	GlobalSection(SolutionProperties) = preSolution
		HideSolutionNode = FALSE
	EndGlobalSection
EndGlobal
