
Microsoft Visual Studio Solution File, Format Version 12.00
# Visual Studio 14
VisualStudioVersion = 14.0.23107.0
MinimumVisualStudioVersion = 10.0.40219.1
Project("{FAE04EC0-301F-11D3-BF4B-00C04F79EFBC}") = "WPILib", "WPILib\WPILib.csproj", "{CADAD4A2-D72A-4906-A4F0-2FA2884F3349}"
	ProjectSection(ProjectDependencies) = postProject
		{471A8C6B-AA80-492A-85A3-3EF67FC70988} = {471A8C6B-AA80-492A-85A3-3EF67FC70988}
		{D41E4184-C699-4F9C-9895-1915638AF9D7} = {D41E4184-C699-4F9C-9895-1915638AF9D7}
	EndProjectSection
EndProject
Project("{FAE04EC0-301F-11D3-BF4B-00C04F79EFBC}") = "HAL-Simulation", "HAL-Simulation\HAL-Simulation.csproj", "{471A8C6B-AA80-492A-85A3-3EF67FC70988}"
EndProject
Project("{FAE04EC0-301F-11D3-BF4B-00C04F79EFBC}") = "HAL-RoboRIO", "HAL-RoboRIO\HAL-RoboRIO.csproj", "{D41E4184-C699-4F9C-9895-1915638AF9D7}"
EndProject
Project("{FAE04EC0-301F-11D3-BF4B-00C04F79EFBC}") = "HAL-Base", "HAL-Base\HAL-Base.csproj", "{BFCE384E-CA2A-4604-AF76-777DA91DAFEE}"
EndProject
Project("{FAE04EC0-301F-11D3-BF4B-00C04F79EFBC}") = "WPILib.Extras", "WPILib.Extras\WPILib.Extras.csproj", "{C2E50521-7046-463E-86C9-CF567F8E62BD}"
EndProject
Project("{FAE04EC0-301F-11D3-BF4B-00C04F79EFBC}") = "WPILib.Tests", "WPILib.Tests\WPILib.Tests.csproj", "{72EB3037-F595-4352-BEBF-A0C062F510EB}"
EndProject
Project("{FAE04EC0-301F-11D3-BF4B-00C04F79EFBC}") = "WPILib.IntegrationTests", "WPILib.IntegrationTests\WPILib.IntegrationTests.csproj", "{94EAD8AC-121A-4D38-8FE3-959A47FDAF82}"
EndProject
Global
	GlobalSection(SolutionConfigurationPlatforms) = preSolution
		Debug|Any CPU = Debug|Any CPU
		Release|Any CPU = Release|Any CPU
	EndGlobalSection
	GlobalSection(ProjectConfigurationPlatforms) = postSolution
		{CADAD4A2-D72A-4906-A4F0-2FA2884F3349}.Debug|Any CPU.ActiveCfg = Debug|Any CPU
		{CADAD4A2-D72A-4906-A4F0-2FA2884F3349}.Debug|Any CPU.Build.0 = Debug|Any CPU
		{CADAD4A2-D72A-4906-A4F0-2FA2884F3349}.Release|Any CPU.ActiveCfg = Release|Any CPU
		{CADAD4A2-D72A-4906-A4F0-2FA2884F3349}.Release|Any CPU.Build.0 = Release|Any CPU
		{471A8C6B-AA80-492A-85A3-3EF67FC70988}.Debug|Any CPU.ActiveCfg = Debug|Any CPU
		{471A8C6B-AA80-492A-85A3-3EF67FC70988}.Debug|Any CPU.Build.0 = Debug|Any CPU
		{471A8C6B-AA80-492A-85A3-3EF67FC70988}.Release|Any CPU.ActiveCfg = Release|Any CPU
		{471A8C6B-AA80-492A-85A3-3EF67FC70988}.Release|Any CPU.Build.0 = Release|Any CPU
		{D41E4184-C699-4F9C-9895-1915638AF9D7}.Debug|Any CPU.ActiveCfg = Debug|Any CPU
		{D41E4184-C699-4F9C-9895-1915638AF9D7}.Debug|Any CPU.Build.0 = Debug|Any CPU
		{D41E4184-C699-4F9C-9895-1915638AF9D7}.Release|Any CPU.ActiveCfg = Release|Any CPU
		{D41E4184-C699-4F9C-9895-1915638AF9D7}.Release|Any CPU.Build.0 = Release|Any CPU
		{BFCE384E-CA2A-4604-AF76-777DA91DAFEE}.Debug|Any CPU.ActiveCfg = Debug|Any CPU
		{BFCE384E-CA2A-4604-AF76-777DA91DAFEE}.Debug|Any CPU.Build.0 = Debug|Any CPU
		{BFCE384E-CA2A-4604-AF76-777DA91DAFEE}.Release|Any CPU.ActiveCfg = Release|Any CPU
		{BFCE384E-CA2A-4604-AF76-777DA91DAFEE}.Release|Any CPU.Build.0 = Release|Any CPU
		{C2E50521-7046-463E-86C9-CF567F8E62BD}.Debug|Any CPU.ActiveCfg = Debug|Any CPU
		{C2E50521-7046-463E-86C9-CF567F8E62BD}.Debug|Any CPU.Build.0 = Debug|Any CPU
		{C2E50521-7046-463E-86C9-CF567F8E62BD}.Release|Any CPU.ActiveCfg = Release|Any CPU
		{C2E50521-7046-463E-86C9-CF567F8E62BD}.Release|Any CPU.Build.0 = Release|Any CPU
		{72EB3037-F595-4352-BEBF-A0C062F510EB}.Debug|Any CPU.ActiveCfg = Debug|Any CPU
		{72EB3037-F595-4352-BEBF-A0C062F510EB}.Debug|Any CPU.Build.0 = Debug|Any CPU
		{72EB3037-F595-4352-BEBF-A0C062F510EB}.Release|Any CPU.ActiveCfg = Release|Any CPU
		{72EB3037-F595-4352-BEBF-A0C062F510EB}.Release|Any CPU.Build.0 = Release|Any CPU
		{94EAD8AC-121A-4D38-8FE3-959A47FDAF82}.Debug|Any CPU.ActiveCfg = Debug|Any CPU
		{94EAD8AC-121A-4D38-8FE3-959A47FDAF82}.Debug|Any CPU.Build.0 = Debug|Any CPU
		{94EAD8AC-121A-4D38-8FE3-959A47FDAF82}.Release|Any CPU.ActiveCfg = Release|Any CPU
		{94EAD8AC-121A-4D38-8FE3-959A47FDAF82}.Release|Any CPU.Build.0 = Release|Any CPU
	EndGlobalSection
	GlobalSection(SolutionProperties) = preSolution
		HideSolutionNode = FALSE
	EndGlobalSection
EndGlobal
