Microsoft Visual Studio Solution File, Format Version 12.00
# Visual Studio 15
VisualStudioVersion = 15.0.26403.7
MinimumVisualStudioVersion = 15.0.26124.0
Project("{2150E333-8FDC-42A3-9474-1A3956D46DE8}") = "test", "test", "{E16AFD97-9D97-4AAE-AE6C-6C78D2298914}"
EndProject
Project("{9A19103F-16F7-4668-BE54-9A1E7A4F7556}") = "WPILib.Tests", "test\WPILib.Tests\WPILib.Tests.csproj", "{B458EC02-4510-4CEB-9373-2E71956BE5C7}"
EndProject
Project("{2150E333-8FDC-42A3-9474-1A3956D46DE8}") = "src", "src", "{96248075-F7CE-4A84-8319-624247C883C3}"
EndProject
Project("{9A19103F-16F7-4668-BE54-9A1E7A4F7556}") = "WPILib", "src\WPILib\WPILib.csproj", "{0BD5E339-3F04-40EB-A003-BE3244739CAD}"
EndProject
Project("{9A19103F-16F7-4668-BE54-9A1E7A4F7556}") = "WPILib.Extras", "src\WPILib.Extras\WPILib.Extras.csproj", "{858269EC-58EC-4901-AA55-FEA3F1C9D9E8}"
EndProject
Project("{9A19103F-16F7-4668-BE54-9A1E7A4F7556}") = "LoadTester", "src\LoadTester\LoadTester.csproj", "{57082512-4E7D-4131-B6B7-C648FACC968C}"
EndProject
Project("{9A19103F-16F7-4668-BE54-9A1E7A4F7556}") = "HAL", "src\HAL\HAL.csproj", "{F96D1060-0475-45F4-ABDD-95FA12D6DDB2}"
EndProject
Project("{9A19103F-16F7-4668-BE54-9A1E7A4F7556}") = "FRC.HAL.DesktopLibraries", "src\FRC.HAL.DesktopLibraries\FRC.HAL.DesktopLibraries.csproj", "{8A84F716-8011-4C95-AC0E-A0D72D89DD6E}"
EndProject
Global
	GlobalSection(SolutionConfigurationPlatforms) = preSolution
		Debug|Any CPU = Debug|Any CPU
		Debug|x64 = Debug|x64
		Debug|x86 = Debug|x86
		Release|Any CPU = Release|Any CPU
		Release|x64 = Release|x64
		Release|x86 = Release|x86
	EndGlobalSection
	GlobalSection(ProjectConfigurationPlatforms) = postSolution
		{B458EC02-4510-4CEB-9373-2E71956BE5C7}.Debug|Any CPU.ActiveCfg = Debug|Any CPU
		{B458EC02-4510-4CEB-9373-2E71956BE5C7}.Debug|Any CPU.Build.0 = Debug|Any CPU
		{B458EC02-4510-4CEB-9373-2E71956BE5C7}.Debug|x64.ActiveCfg = Debug|Any CPU
		{B458EC02-4510-4CEB-9373-2E71956BE5C7}.Debug|x64.Build.0 = Debug|Any CPU
		{B458EC02-4510-4CEB-9373-2E71956BE5C7}.Debug|x86.ActiveCfg = Debug|Any CPU
		{B458EC02-4510-4CEB-9373-2E71956BE5C7}.Debug|x86.Build.0 = Debug|Any CPU
		{B458EC02-4510-4CEB-9373-2E71956BE5C7}.Release|Any CPU.ActiveCfg = Release|Any CPU
		{B458EC02-4510-4CEB-9373-2E71956BE5C7}.Release|Any CPU.Build.0 = Release|Any CPU
		{B458EC02-4510-4CEB-9373-2E71956BE5C7}.Release|x64.ActiveCfg = Release|Any CPU
		{B458EC02-4510-4CEB-9373-2E71956BE5C7}.Release|x64.Build.0 = Release|Any CPU
		{B458EC02-4510-4CEB-9373-2E71956BE5C7}.Release|x86.ActiveCfg = Release|Any CPU
		{B458EC02-4510-4CEB-9373-2E71956BE5C7}.Release|x86.Build.0 = Release|Any CPU
		{0BD5E339-3F04-40EB-A003-BE3244739CAD}.Debug|Any CPU.ActiveCfg = Debug|Any CPU
		{0BD5E339-3F04-40EB-A003-BE3244739CAD}.Debug|Any CPU.Build.0 = Debug|Any CPU
		{0BD5E339-3F04-40EB-A003-BE3244739CAD}.Debug|x64.ActiveCfg = Debug|Any CPU
		{0BD5E339-3F04-40EB-A003-BE3244739CAD}.Debug|x64.Build.0 = Debug|Any CPU
		{0BD5E339-3F04-40EB-A003-BE3244739CAD}.Debug|x86.ActiveCfg = Debug|Any CPU
		{0BD5E339-3F04-40EB-A003-BE3244739CAD}.Debug|x86.Build.0 = Debug|Any CPU
		{0BD5E339-3F04-40EB-A003-BE3244739CAD}.Release|Any CPU.ActiveCfg = Release|Any CPU
		{0BD5E339-3F04-40EB-A003-BE3244739CAD}.Release|Any CPU.Build.0 = Release|Any CPU
		{0BD5E339-3F04-40EB-A003-BE3244739CAD}.Release|x64.ActiveCfg = Release|Any CPU
		{0BD5E339-3F04-40EB-A003-BE3244739CAD}.Release|x64.Build.0 = Release|Any CPU
		{0BD5E339-3F04-40EB-A003-BE3244739CAD}.Release|x86.ActiveCfg = Release|Any CPU
		{0BD5E339-3F04-40EB-A003-BE3244739CAD}.Release|x86.Build.0 = Release|Any CPU
		{858269EC-58EC-4901-AA55-FEA3F1C9D9E8}.Debug|Any CPU.ActiveCfg = Debug|Any CPU
		{858269EC-58EC-4901-AA55-FEA3F1C9D9E8}.Debug|Any CPU.Build.0 = Debug|Any CPU
		{858269EC-58EC-4901-AA55-FEA3F1C9D9E8}.Debug|x64.ActiveCfg = Debug|Any CPU
		{858269EC-58EC-4901-AA55-FEA3F1C9D9E8}.Debug|x64.Build.0 = Debug|Any CPU
		{858269EC-58EC-4901-AA55-FEA3F1C9D9E8}.Debug|x86.ActiveCfg = Debug|Any CPU
		{858269EC-58EC-4901-AA55-FEA3F1C9D9E8}.Debug|x86.Build.0 = Debug|Any CPU
		{858269EC-58EC-4901-AA55-FEA3F1C9D9E8}.Release|Any CPU.ActiveCfg = Release|Any CPU
		{858269EC-58EC-4901-AA55-FEA3F1C9D9E8}.Release|Any CPU.Build.0 = Release|Any CPU
		{858269EC-58EC-4901-AA55-FEA3F1C9D9E8}.Release|x64.ActiveCfg = Release|Any CPU
		{858269EC-58EC-4901-AA55-FEA3F1C9D9E8}.Release|x64.Build.0 = Release|Any CPU
		{858269EC-58EC-4901-AA55-FEA3F1C9D9E8}.Release|x86.ActiveCfg = Release|Any CPU
		{858269EC-58EC-4901-AA55-FEA3F1C9D9E8}.Release|x86.Build.0 = Release|Any CPU
		{57082512-4E7D-4131-B6B7-C648FACC968C}.Debug|Any CPU.ActiveCfg = Debug|Any CPU
		{57082512-4E7D-4131-B6B7-C648FACC968C}.Debug|Any CPU.Build.0 = Debug|Any CPU
		{57082512-4E7D-4131-B6B7-C648FACC968C}.Debug|x64.ActiveCfg = Debug|Any CPU
		{57082512-4E7D-4131-B6B7-C648FACC968C}.Debug|x64.Build.0 = Debug|Any CPU
		{57082512-4E7D-4131-B6B7-C648FACC968C}.Debug|x86.ActiveCfg = Debug|Any CPU
		{57082512-4E7D-4131-B6B7-C648FACC968C}.Debug|x86.Build.0 = Debug|Any CPU
		{57082512-4E7D-4131-B6B7-C648FACC968C}.Release|Any CPU.ActiveCfg = Release|Any CPU
		{57082512-4E7D-4131-B6B7-C648FACC968C}.Release|Any CPU.Build.0 = Release|Any CPU
		{57082512-4E7D-4131-B6B7-C648FACC968C}.Release|x64.ActiveCfg = Release|Any CPU
		{57082512-4E7D-4131-B6B7-C648FACC968C}.Release|x64.Build.0 = Release|Any CPU
		{57082512-4E7D-4131-B6B7-C648FACC968C}.Release|x86.ActiveCfg = Release|Any CPU
		{57082512-4E7D-4131-B6B7-C648FACC968C}.Release|x86.Build.0 = Release|Any CPU
		{F96D1060-0475-45F4-ABDD-95FA12D6DDB2}.Debug|Any CPU.ActiveCfg = Debug|Any CPU
		{F96D1060-0475-45F4-ABDD-95FA12D6DDB2}.Debug|Any CPU.Build.0 = Debug|Any CPU
		{F96D1060-0475-45F4-ABDD-95FA12D6DDB2}.Debug|x64.ActiveCfg = Debug|Any CPU
		{F96D1060-0475-45F4-ABDD-95FA12D6DDB2}.Debug|x64.Build.0 = Debug|Any CPU
		{F96D1060-0475-45F4-ABDD-95FA12D6DDB2}.Debug|x86.ActiveCfg = Debug|Any CPU
		{F96D1060-0475-45F4-ABDD-95FA12D6DDB2}.Debug|x86.Build.0 = Debug|Any CPU
		{F96D1060-0475-45F4-ABDD-95FA12D6DDB2}.Release|Any CPU.ActiveCfg = Release|Any CPU
		{F96D1060-0475-45F4-ABDD-95FA12D6DDB2}.Release|Any CPU.Build.0 = Release|Any CPU
		{F96D1060-0475-45F4-ABDD-95FA12D6DDB2}.Release|x64.ActiveCfg = Release|Any CPU
		{F96D1060-0475-45F4-ABDD-95FA12D6DDB2}.Release|x64.Build.0 = Release|Any CPU
		{F96D1060-0475-45F4-ABDD-95FA12D6DDB2}.Release|x86.ActiveCfg = Release|Any CPU
		{F96D1060-0475-45F4-ABDD-95FA12D6DDB2}.Release|x86.Build.0 = Release|Any CPU
		{8A84F716-8011-4C95-AC0E-A0D72D89DD6E}.Debug|Any CPU.ActiveCfg = Debug|Any CPU
		{8A84F716-8011-4C95-AC0E-A0D72D89DD6E}.Debug|Any CPU.Build.0 = Debug|Any CPU
		{8A84F716-8011-4C95-AC0E-A0D72D89DD6E}.Debug|x64.ActiveCfg = Debug|Any CPU
		{8A84F716-8011-4C95-AC0E-A0D72D89DD6E}.Debug|x64.Build.0 = Debug|Any CPU
		{8A84F716-8011-4C95-AC0E-A0D72D89DD6E}.Debug|x86.ActiveCfg = Debug|Any CPU
		{8A84F716-8011-4C95-AC0E-A0D72D89DD6E}.Debug|x86.Build.0 = Debug|Any CPU
		{8A84F716-8011-4C95-AC0E-A0D72D89DD6E}.Release|Any CPU.ActiveCfg = Release|Any CPU
		{8A84F716-8011-4C95-AC0E-A0D72D89DD6E}.Release|Any CPU.Build.0 = Release|Any CPU
		{8A84F716-8011-4C95-AC0E-A0D72D89DD6E}.Release|x64.ActiveCfg = Release|Any CPU
		{8A84F716-8011-4C95-AC0E-A0D72D89DD6E}.Release|x64.Build.0 = Release|Any CPU
		{8A84F716-8011-4C95-AC0E-A0D72D89DD6E}.Release|x86.ActiveCfg = Release|Any CPU
		{8A84F716-8011-4C95-AC0E-A0D72D89DD6E}.Release|x86.Build.0 = Release|Any CPU
	EndGlobalSection
	GlobalSection(SolutionProperties) = preSolution
		HideSolutionNode = FALSE
	EndGlobalSection
	GlobalSection(NestedProjects) = preSolution
		{B458EC02-4510-4CEB-9373-2E71956BE5C7} = {E16AFD97-9D97-4AAE-AE6C-6C78D2298914}
		{0BD5E339-3F04-40EB-A003-BE3244739CAD} = {96248075-F7CE-4A84-8319-624247C883C3}
		{858269EC-58EC-4901-AA55-FEA3F1C9D9E8} = {96248075-F7CE-4A84-8319-624247C883C3}
		{57082512-4E7D-4131-B6B7-C648FACC968C} = {96248075-F7CE-4A84-8319-624247C883C3}
		{F96D1060-0475-45F4-ABDD-95FA12D6DDB2} = {96248075-F7CE-4A84-8319-624247C883C3}
		{8A84F716-8011-4C95-AC0E-A0D72D89DD6E} = {96248075-F7CE-4A84-8319-624247C883C3}
	EndGlobalSection
EndGlobal
