
Microsoft Visual Studio Solution File, Format Version 12.00
# Visual Studio Version 17
VisualStudioVersion = 17.0.31903.59
MinimumVisualStudioVersion = 10.0.40219.1
Project("{2150E333-8FDC-42A3-9474-1A3956D46DE8}") = "src", "src", "{DB664556-4BF0-4874-8CB6-DC24E60A67AF}"
EndProject
Project("{FAE04EC0-301F-11D3-BF4B-00C04F79EFBC}") = "wpiutil", "src\wpiutil\wpiutil.csproj", "{8F38C25E-641E-47FC-AC0A-0717F2159E8F}"
EndProject
Project("{FAE04EC0-301F-11D3-BF4B-00C04F79EFBC}") = "wpinet", "src\wpinet\wpinet.csproj", "{189A8644-AD04-4ECF-8B8C-5D337344F53E}"
EndProject
Project("{FAE04EC0-301F-11D3-BF4B-00C04F79EFBC}") = "ntcore", "src\ntcore\ntcore.csproj", "{8E23D05C-439B-4A74-A12A-06F2225A1D6B}"
EndProject
Global
	GlobalSection(SolutionConfigurationPlatforms) = preSolution
		Debug|Any CPU = Debug|Any CPU
		Release|Any CPU = Release|Any CPU
	EndGlobalSection
	GlobalSection(SolutionProperties) = preSolution
		HideSolutionNode = FALSE
	EndGlobalSection
	GlobalSection(ProjectConfigurationPlatforms) = postSolution
		{8F38C25E-641E-47FC-AC0A-0717F2159E8F}.Debug|Any CPU.ActiveCfg = Debug|Any CPU
		{8F38C25E-641E-47FC-AC0A-0717F2159E8F}.Debug|Any CPU.Build.0 = Debug|Any CPU
		{8F38C25E-641E-47FC-AC0A-0717F2159E8F}.Release|Any CPU.ActiveCfg = Release|Any CPU
		{8F38C25E-641E-47FC-AC0A-0717F2159E8F}.Release|Any CPU.Build.0 = Release|Any CPU
		{189A8644-AD04-4ECF-8B8C-5D337344F53E}.Debug|Any CPU.ActiveCfg = Debug|Any CPU
		{189A8644-AD04-4ECF-8B8C-5D337344F53E}.Debug|Any CPU.Build.0 = Debug|Any CPU
		{189A8644-AD04-4ECF-8B8C-5D337344F53E}.Release|Any CPU.ActiveCfg = Release|Any CPU
		{189A8644-AD04-4ECF-8B8C-5D337344F53E}.Release|Any CPU.Build.0 = Release|Any CPU
		{8E23D05C-439B-4A74-A12A-06F2225A1D6B}.Debug|Any CPU.ActiveCfg = Debug|Any CPU
		{8E23D05C-439B-4A74-A12A-06F2225A1D6B}.Debug|Any CPU.Build.0 = Debug|Any CPU
		{8E23D05C-439B-4A74-A12A-06F2225A1D6B}.Release|Any CPU.ActiveCfg = Release|Any CPU
		{8E23D05C-439B-4A74-A12A-06F2225A1D6B}.Release|Any CPU.Build.0 = Release|Any CPU
	EndGlobalSection
	GlobalSection(NestedProjects) = preSolution
		{8F38C25E-641E-47FC-AC0A-0717F2159E8F} = {DB664556-4BF0-4874-8CB6-DC24E60A67AF}
		{189A8644-AD04-4ECF-8B8C-5D337344F53E} = {DB664556-4BF0-4874-8CB6-DC24E60A67AF}
		{8E23D05C-439B-4A74-A12A-06F2225A1D6B} = {DB664556-4BF0-4874-8CB6-DC24E60A67AF}
	EndGlobalSection
EndGlobal
