
Microsoft Visual Studio Solution File, Format Version 12.00
# Visual Studio Version 16
VisualStudioVersion = 16.0.29609.76
MinimumVisualStudioVersion = 15.0.26124.0
Project("{2150E333-8FDC-42A3-9474-1A3956D46DE8}") = "src", "src", "{0296E5E2-74ED-4FE5-8908-7CEDC1F51F95}"
EndProject
Project("{9A19103F-16F7-4668-BE54-9A1E7A4F7556}") = "hal", "src\hal\hal.csproj", "{D7353038-09BE-4439-A44A-79D631B62BBA}"
EndProject
Project("{9A19103F-16F7-4668-BE54-9A1E7A4F7556}") = "wpiutil", "src\wpiutil\wpiutil.csproj", "{04BD17A4-7745-40BB-9C6D-7DEC01BB5EC2}"
EndProject
Project("{FAE04EC0-301F-11D3-BF4B-00C04F79EFBC}") = "wpilibsharp", "src\wpilibsharp\wpilibsharp.csproj", "{10FA8669-37C8-4F81-856C-CCC0EF820159}"
EndProject
Project("{2150E333-8FDC-42A3-9474-1A3956D46DE8}") = "dev", "dev", "{E5516BF2-A6BD-4CEA-831A-4C113F02A3DD}"
EndProject
Project("{FAE04EC0-301F-11D3-BF4B-00C04F79EFBC}") = "roboRIODev", "dev\roboRIODev\roboRIODev.csproj", "{D618500C-A24A-450C-9E36-F9F4B20E2B3C}"
EndProject
Project("{FAE04EC0-301F-11D3-BF4B-00C04F79EFBC}") = "desktopDev", "dev\desktopDev\desktopDev.csproj", "{0B670BC6-99B2-4BC7-8EF8-B659D11841B0}"
EndProject
Project("{2150E333-8FDC-42A3-9474-1A3956D46DE8}") = "thirdparty", "thirdparty", "{7EC98827-7070-46CC-8E8A-F515DAE5F3EB}"
EndProject
Project("{FAE04EC0-301F-11D3-BF4B-00C04F79EFBC}") = "SparkMax", "src\thirdparty\SparkMax\SparkMax.csproj", "{DD97E725-86EB-42DC-B6C8-F5DE08A8DCBF}"
EndProject
Project("{2150E333-8FDC-42A3-9474-1A3956D46DE8}") = "tools", "tools", "{7E70EFD7-E90A-4FA7-9EA7-D793C4014B3B}"
EndProject
Project("{FAE04EC0-301F-11D3-BF4B-00C04F79EFBC}") = "CInterfaceGenerator", "tools\CInterfaceGenerator\CInterfaceGenerator.csproj", "{011B84F0-AEAD-4836-91C9-90A19BF6A608}"
EndProject
Project("{FAE04EC0-301F-11D3-BF4B-00C04F79EFBC}") = "ntcore", "src\ntcore\ntcore.csproj", "{A09C47DD-4CA3-40F1-BB2C-6479863176EE}"
EndProject
Project("{2150E333-8FDC-42A3-9474-1A3956D46DE8}") = "test", "test", "{ADF16DA1-E70B-464A-B38C-83728B4D5827}"
EndProject
Project("{FAE04EC0-301F-11D3-BF4B-00C04F79EFBC}") = "hal.test", "test\hal.test\hal.test.csproj", "{A6A03B80-C2B3-4B59-BEF1-A3FA12D129FF}"
EndProject
Project("{FAE04EC0-301F-11D3-BF4B-00C04F79EFBC}") = "ntcore.test", "test\ntcore.test\ntcore.test.csproj", "{4926FB0D-EF29-420C-9E4B-0BAC5A1BDE1A}"
EndProject
Project("{FAE04EC0-301F-11D3-BF4B-00C04F79EFBC}") = "wpilibsharp.test", "test\wpilibsharp.test\wpilibsharp.test.csproj", "{48886335-549D-4837-92F3-5F9546803BF9}"
EndProject
Project("{FAE04EC0-301F-11D3-BF4B-00C04F79EFBC}") = "wpiutil.test", "test\wpiutil.test\wpiutil.test.csproj", "{A8BFA891-E983-42EF-82E6-B5294F278934}"
EndProject
Project("{FAE04EC0-301F-11D3-BF4B-00C04F79EFBC}") = "newcommands", "src\newcommands\newcommands.csproj", "{C9889C72-FDFF-4F51-A382-D88D64972727}"
EndProject
Project("{FAE04EC0-301F-11D3-BF4B-00C04F79EFBC}") = "oblog", "src\thirdparty\oblog\oblog.csproj", "{5DA16062-FC4F-47E6-8D3D-24E657DC723B}"
EndProject
Global
	GlobalSection(SolutionConfigurationPlatforms) = preSolution
		Debug|Any CPU = Debug|Any CPU
		Debug|x64 = Debug|x64
		Debug|x86 = Debug|x86
		Release|Any CPU = Release|Any CPU
		Release|x64 = Release|x64
		Release|x86 = Release|x86
	EndGlobalSection
	GlobalSection(ProjectConfigurationPlatforms) = postSolution
		{D7353038-09BE-4439-A44A-79D631B62BBA}.Debug|Any CPU.ActiveCfg = Debug|Any CPU
		{D7353038-09BE-4439-A44A-79D631B62BBA}.Debug|Any CPU.Build.0 = Debug|Any CPU
		{D7353038-09BE-4439-A44A-79D631B62BBA}.Debug|x64.ActiveCfg = Debug|Any CPU
		{D7353038-09BE-4439-A44A-79D631B62BBA}.Debug|x64.Build.0 = Debug|Any CPU
		{D7353038-09BE-4439-A44A-79D631B62BBA}.Debug|x86.ActiveCfg = Debug|Any CPU
		{D7353038-09BE-4439-A44A-79D631B62BBA}.Debug|x86.Build.0 = Debug|Any CPU
		{D7353038-09BE-4439-A44A-79D631B62BBA}.Release|Any CPU.ActiveCfg = Release|Any CPU
		{D7353038-09BE-4439-A44A-79D631B62BBA}.Release|Any CPU.Build.0 = Release|Any CPU
		{D7353038-09BE-4439-A44A-79D631B62BBA}.Release|x64.ActiveCfg = Release|Any CPU
		{D7353038-09BE-4439-A44A-79D631B62BBA}.Release|x64.Build.0 = Release|Any CPU
		{D7353038-09BE-4439-A44A-79D631B62BBA}.Release|x86.ActiveCfg = Release|Any CPU
		{D7353038-09BE-4439-A44A-79D631B62BBA}.Release|x86.Build.0 = Release|Any CPU
		{04BD17A4-7745-40BB-9C6D-7DEC01BB5EC2}.Debug|Any CPU.ActiveCfg = Debug|Any CPU
		{04BD17A4-7745-40BB-9C6D-7DEC01BB5EC2}.Debug|Any CPU.Build.0 = Debug|Any CPU
		{04BD17A4-7745-40BB-9C6D-7DEC01BB5EC2}.Debug|x64.ActiveCfg = Debug|Any CPU
		{04BD17A4-7745-40BB-9C6D-7DEC01BB5EC2}.Debug|x64.Build.0 = Debug|Any CPU
		{04BD17A4-7745-40BB-9C6D-7DEC01BB5EC2}.Debug|x86.ActiveCfg = Debug|Any CPU
		{04BD17A4-7745-40BB-9C6D-7DEC01BB5EC2}.Debug|x86.Build.0 = Debug|Any CPU
		{04BD17A4-7745-40BB-9C6D-7DEC01BB5EC2}.Release|Any CPU.ActiveCfg = Release|Any CPU
		{04BD17A4-7745-40BB-9C6D-7DEC01BB5EC2}.Release|Any CPU.Build.0 = Release|Any CPU
		{04BD17A4-7745-40BB-9C6D-7DEC01BB5EC2}.Release|x64.ActiveCfg = Release|Any CPU
		{04BD17A4-7745-40BB-9C6D-7DEC01BB5EC2}.Release|x64.Build.0 = Release|Any CPU
		{04BD17A4-7745-40BB-9C6D-7DEC01BB5EC2}.Release|x86.ActiveCfg = Release|Any CPU
		{04BD17A4-7745-40BB-9C6D-7DEC01BB5EC2}.Release|x86.Build.0 = Release|Any CPU
		{10FA8669-37C8-4F81-856C-CCC0EF820159}.Debug|Any CPU.ActiveCfg = Debug|Any CPU
		{10FA8669-37C8-4F81-856C-CCC0EF820159}.Debug|Any CPU.Build.0 = Debug|Any CPU
		{10FA8669-37C8-4F81-856C-CCC0EF820159}.Debug|x64.ActiveCfg = Debug|Any CPU
		{10FA8669-37C8-4F81-856C-CCC0EF820159}.Debug|x64.Build.0 = Debug|Any CPU
		{10FA8669-37C8-4F81-856C-CCC0EF820159}.Debug|x86.ActiveCfg = Debug|Any CPU
		{10FA8669-37C8-4F81-856C-CCC0EF820159}.Debug|x86.Build.0 = Debug|Any CPU
		{10FA8669-37C8-4F81-856C-CCC0EF820159}.Release|Any CPU.ActiveCfg = Release|Any CPU
		{10FA8669-37C8-4F81-856C-CCC0EF820159}.Release|Any CPU.Build.0 = Release|Any CPU
		{10FA8669-37C8-4F81-856C-CCC0EF820159}.Release|x64.ActiveCfg = Release|Any CPU
		{10FA8669-37C8-4F81-856C-CCC0EF820159}.Release|x64.Build.0 = Release|Any CPU
		{10FA8669-37C8-4F81-856C-CCC0EF820159}.Release|x86.ActiveCfg = Release|Any CPU
		{10FA8669-37C8-4F81-856C-CCC0EF820159}.Release|x86.Build.0 = Release|Any CPU
		{D618500C-A24A-450C-9E36-F9F4B20E2B3C}.Debug|Any CPU.ActiveCfg = Debug|Any CPU
		{D618500C-A24A-450C-9E36-F9F4B20E2B3C}.Debug|Any CPU.Build.0 = Debug|Any CPU
		{D618500C-A24A-450C-9E36-F9F4B20E2B3C}.Debug|x64.ActiveCfg = Debug|Any CPU
		{D618500C-A24A-450C-9E36-F9F4B20E2B3C}.Debug|x64.Build.0 = Debug|Any CPU
		{D618500C-A24A-450C-9E36-F9F4B20E2B3C}.Debug|x86.ActiveCfg = Debug|Any CPU
		{D618500C-A24A-450C-9E36-F9F4B20E2B3C}.Debug|x86.Build.0 = Debug|Any CPU
		{D618500C-A24A-450C-9E36-F9F4B20E2B3C}.Release|Any CPU.ActiveCfg = Release|Any CPU
		{D618500C-A24A-450C-9E36-F9F4B20E2B3C}.Release|Any CPU.Build.0 = Release|Any CPU
		{D618500C-A24A-450C-9E36-F9F4B20E2B3C}.Release|x64.ActiveCfg = Release|Any CPU
		{D618500C-A24A-450C-9E36-F9F4B20E2B3C}.Release|x64.Build.0 = Release|Any CPU
		{D618500C-A24A-450C-9E36-F9F4B20E2B3C}.Release|x86.ActiveCfg = Release|Any CPU
		{D618500C-A24A-450C-9E36-F9F4B20E2B3C}.Release|x86.Build.0 = Release|Any CPU
		{0B670BC6-99B2-4BC7-8EF8-B659D11841B0}.Debug|Any CPU.ActiveCfg = Debug|Any CPU
		{0B670BC6-99B2-4BC7-8EF8-B659D11841B0}.Debug|Any CPU.Build.0 = Debug|Any CPU
		{0B670BC6-99B2-4BC7-8EF8-B659D11841B0}.Debug|x64.ActiveCfg = Debug|Any CPU
		{0B670BC6-99B2-4BC7-8EF8-B659D11841B0}.Debug|x64.Build.0 = Debug|Any CPU
		{0B670BC6-99B2-4BC7-8EF8-B659D11841B0}.Debug|x86.ActiveCfg = Debug|Any CPU
		{0B670BC6-99B2-4BC7-8EF8-B659D11841B0}.Debug|x86.Build.0 = Debug|Any CPU
		{0B670BC6-99B2-4BC7-8EF8-B659D11841B0}.Release|Any CPU.ActiveCfg = Release|Any CPU
		{0B670BC6-99B2-4BC7-8EF8-B659D11841B0}.Release|Any CPU.Build.0 = Release|Any CPU
		{0B670BC6-99B2-4BC7-8EF8-B659D11841B0}.Release|x64.ActiveCfg = Release|Any CPU
		{0B670BC6-99B2-4BC7-8EF8-B659D11841B0}.Release|x64.Build.0 = Release|Any CPU
		{0B670BC6-99B2-4BC7-8EF8-B659D11841B0}.Release|x86.ActiveCfg = Release|Any CPU
		{0B670BC6-99B2-4BC7-8EF8-B659D11841B0}.Release|x86.Build.0 = Release|Any CPU
		{DD97E725-86EB-42DC-B6C8-F5DE08A8DCBF}.Debug|Any CPU.ActiveCfg = Debug|Any CPU
		{DD97E725-86EB-42DC-B6C8-F5DE08A8DCBF}.Debug|Any CPU.Build.0 = Debug|Any CPU
		{DD97E725-86EB-42DC-B6C8-F5DE08A8DCBF}.Debug|x64.ActiveCfg = Debug|Any CPU
		{DD97E725-86EB-42DC-B6C8-F5DE08A8DCBF}.Debug|x64.Build.0 = Debug|Any CPU
		{DD97E725-86EB-42DC-B6C8-F5DE08A8DCBF}.Debug|x86.ActiveCfg = Debug|Any CPU
		{DD97E725-86EB-42DC-B6C8-F5DE08A8DCBF}.Debug|x86.Build.0 = Debug|Any CPU
		{DD97E725-86EB-42DC-B6C8-F5DE08A8DCBF}.Release|Any CPU.ActiveCfg = Release|Any CPU
		{DD97E725-86EB-42DC-B6C8-F5DE08A8DCBF}.Release|Any CPU.Build.0 = Release|Any CPU
		{DD97E725-86EB-42DC-B6C8-F5DE08A8DCBF}.Release|x64.ActiveCfg = Release|Any CPU
		{DD97E725-86EB-42DC-B6C8-F5DE08A8DCBF}.Release|x64.Build.0 = Release|Any CPU
		{DD97E725-86EB-42DC-B6C8-F5DE08A8DCBF}.Release|x86.ActiveCfg = Release|Any CPU
		{DD97E725-86EB-42DC-B6C8-F5DE08A8DCBF}.Release|x86.Build.0 = Release|Any CPU
		{011B84F0-AEAD-4836-91C9-90A19BF6A608}.Debug|Any CPU.ActiveCfg = Debug|Any CPU
		{011B84F0-AEAD-4836-91C9-90A19BF6A608}.Debug|Any CPU.Build.0 = Debug|Any CPU
		{011B84F0-AEAD-4836-91C9-90A19BF6A608}.Debug|x64.ActiveCfg = Debug|Any CPU
		{011B84F0-AEAD-4836-91C9-90A19BF6A608}.Debug|x64.Build.0 = Debug|Any CPU
		{011B84F0-AEAD-4836-91C9-90A19BF6A608}.Debug|x86.ActiveCfg = Debug|Any CPU
		{011B84F0-AEAD-4836-91C9-90A19BF6A608}.Debug|x86.Build.0 = Debug|Any CPU
		{011B84F0-AEAD-4836-91C9-90A19BF6A608}.Release|Any CPU.ActiveCfg = Release|Any CPU
		{011B84F0-AEAD-4836-91C9-90A19BF6A608}.Release|Any CPU.Build.0 = Release|Any CPU
		{011B84F0-AEAD-4836-91C9-90A19BF6A608}.Release|x64.ActiveCfg = Release|Any CPU
		{011B84F0-AEAD-4836-91C9-90A19BF6A608}.Release|x64.Build.0 = Release|Any CPU
		{011B84F0-AEAD-4836-91C9-90A19BF6A608}.Release|x86.ActiveCfg = Release|Any CPU
		{011B84F0-AEAD-4836-91C9-90A19BF6A608}.Release|x86.Build.0 = Release|Any CPU
		{A09C47DD-4CA3-40F1-BB2C-6479863176EE}.Debug|Any CPU.ActiveCfg = Debug|Any CPU
		{A09C47DD-4CA3-40F1-BB2C-6479863176EE}.Debug|Any CPU.Build.0 = Debug|Any CPU
		{A09C47DD-4CA3-40F1-BB2C-6479863176EE}.Debug|x64.ActiveCfg = Debug|Any CPU
		{A09C47DD-4CA3-40F1-BB2C-6479863176EE}.Debug|x64.Build.0 = Debug|Any CPU
		{A09C47DD-4CA3-40F1-BB2C-6479863176EE}.Debug|x86.ActiveCfg = Debug|Any CPU
		{A09C47DD-4CA3-40F1-BB2C-6479863176EE}.Debug|x86.Build.0 = Debug|Any CPU
		{A09C47DD-4CA3-40F1-BB2C-6479863176EE}.Release|Any CPU.ActiveCfg = Release|Any CPU
		{A09C47DD-4CA3-40F1-BB2C-6479863176EE}.Release|Any CPU.Build.0 = Release|Any CPU
		{A09C47DD-4CA3-40F1-BB2C-6479863176EE}.Release|x64.ActiveCfg = Release|Any CPU
		{A09C47DD-4CA3-40F1-BB2C-6479863176EE}.Release|x64.Build.0 = Release|Any CPU
		{A09C47DD-4CA3-40F1-BB2C-6479863176EE}.Release|x86.ActiveCfg = Release|Any CPU
		{A09C47DD-4CA3-40F1-BB2C-6479863176EE}.Release|x86.Build.0 = Release|Any CPU
		{A6A03B80-C2B3-4B59-BEF1-A3FA12D129FF}.Debug|Any CPU.ActiveCfg = Debug|Any CPU
		{A6A03B80-C2B3-4B59-BEF1-A3FA12D129FF}.Debug|Any CPU.Build.0 = Debug|Any CPU
		{A6A03B80-C2B3-4B59-BEF1-A3FA12D129FF}.Debug|x64.ActiveCfg = Debug|Any CPU
		{A6A03B80-C2B3-4B59-BEF1-A3FA12D129FF}.Debug|x64.Build.0 = Debug|Any CPU
		{A6A03B80-C2B3-4B59-BEF1-A3FA12D129FF}.Debug|x86.ActiveCfg = Debug|Any CPU
		{A6A03B80-C2B3-4B59-BEF1-A3FA12D129FF}.Debug|x86.Build.0 = Debug|Any CPU
		{A6A03B80-C2B3-4B59-BEF1-A3FA12D129FF}.Release|Any CPU.ActiveCfg = Release|Any CPU
		{A6A03B80-C2B3-4B59-BEF1-A3FA12D129FF}.Release|Any CPU.Build.0 = Release|Any CPU
		{A6A03B80-C2B3-4B59-BEF1-A3FA12D129FF}.Release|x64.ActiveCfg = Release|Any CPU
		{A6A03B80-C2B3-4B59-BEF1-A3FA12D129FF}.Release|x64.Build.0 = Release|Any CPU
		{A6A03B80-C2B3-4B59-BEF1-A3FA12D129FF}.Release|x86.ActiveCfg = Release|Any CPU
		{A6A03B80-C2B3-4B59-BEF1-A3FA12D129FF}.Release|x86.Build.0 = Release|Any CPU
		{4926FB0D-EF29-420C-9E4B-0BAC5A1BDE1A}.Debug|Any CPU.ActiveCfg = Debug|Any CPU
		{4926FB0D-EF29-420C-9E4B-0BAC5A1BDE1A}.Debug|Any CPU.Build.0 = Debug|Any CPU
		{4926FB0D-EF29-420C-9E4B-0BAC5A1BDE1A}.Debug|x64.ActiveCfg = Debug|Any CPU
		{4926FB0D-EF29-420C-9E4B-0BAC5A1BDE1A}.Debug|x64.Build.0 = Debug|Any CPU
		{4926FB0D-EF29-420C-9E4B-0BAC5A1BDE1A}.Debug|x86.ActiveCfg = Debug|Any CPU
		{4926FB0D-EF29-420C-9E4B-0BAC5A1BDE1A}.Debug|x86.Build.0 = Debug|Any CPU
		{4926FB0D-EF29-420C-9E4B-0BAC5A1BDE1A}.Release|Any CPU.ActiveCfg = Release|Any CPU
		{4926FB0D-EF29-420C-9E4B-0BAC5A1BDE1A}.Release|Any CPU.Build.0 = Release|Any CPU
		{4926FB0D-EF29-420C-9E4B-0BAC5A1BDE1A}.Release|x64.ActiveCfg = Release|Any CPU
		{4926FB0D-EF29-420C-9E4B-0BAC5A1BDE1A}.Release|x64.Build.0 = Release|Any CPU
		{4926FB0D-EF29-420C-9E4B-0BAC5A1BDE1A}.Release|x86.ActiveCfg = Release|Any CPU
		{4926FB0D-EF29-420C-9E4B-0BAC5A1BDE1A}.Release|x86.Build.0 = Release|Any CPU
		{48886335-549D-4837-92F3-5F9546803BF9}.Debug|Any CPU.ActiveCfg = Debug|Any CPU
		{48886335-549D-4837-92F3-5F9546803BF9}.Debug|Any CPU.Build.0 = Debug|Any CPU
		{48886335-549D-4837-92F3-5F9546803BF9}.Debug|x64.ActiveCfg = Debug|Any CPU
		{48886335-549D-4837-92F3-5F9546803BF9}.Debug|x64.Build.0 = Debug|Any CPU
		{48886335-549D-4837-92F3-5F9546803BF9}.Debug|x86.ActiveCfg = Debug|Any CPU
		{48886335-549D-4837-92F3-5F9546803BF9}.Debug|x86.Build.0 = Debug|Any CPU
		{48886335-549D-4837-92F3-5F9546803BF9}.Release|Any CPU.ActiveCfg = Release|Any CPU
		{48886335-549D-4837-92F3-5F9546803BF9}.Release|Any CPU.Build.0 = Release|Any CPU
		{48886335-549D-4837-92F3-5F9546803BF9}.Release|x64.ActiveCfg = Release|Any CPU
		{48886335-549D-4837-92F3-5F9546803BF9}.Release|x64.Build.0 = Release|Any CPU
		{48886335-549D-4837-92F3-5F9546803BF9}.Release|x86.ActiveCfg = Release|Any CPU
		{48886335-549D-4837-92F3-5F9546803BF9}.Release|x86.Build.0 = Release|Any CPU
		{A8BFA891-E983-42EF-82E6-B5294F278934}.Debug|Any CPU.ActiveCfg = Debug|Any CPU
		{A8BFA891-E983-42EF-82E6-B5294F278934}.Debug|Any CPU.Build.0 = Debug|Any CPU
		{A8BFA891-E983-42EF-82E6-B5294F278934}.Debug|x64.ActiveCfg = Debug|Any CPU
		{A8BFA891-E983-42EF-82E6-B5294F278934}.Debug|x64.Build.0 = Debug|Any CPU
		{A8BFA891-E983-42EF-82E6-B5294F278934}.Debug|x86.ActiveCfg = Debug|Any CPU
		{A8BFA891-E983-42EF-82E6-B5294F278934}.Debug|x86.Build.0 = Debug|Any CPU
		{A8BFA891-E983-42EF-82E6-B5294F278934}.Release|Any CPU.ActiveCfg = Release|Any CPU
		{A8BFA891-E983-42EF-82E6-B5294F278934}.Release|Any CPU.Build.0 = Release|Any CPU
		{A8BFA891-E983-42EF-82E6-B5294F278934}.Release|x64.ActiveCfg = Release|Any CPU
		{A8BFA891-E983-42EF-82E6-B5294F278934}.Release|x64.Build.0 = Release|Any CPU
		{A8BFA891-E983-42EF-82E6-B5294F278934}.Release|x86.ActiveCfg = Release|Any CPU
		{A8BFA891-E983-42EF-82E6-B5294F278934}.Release|x86.Build.0 = Release|Any CPU
		{C9889C72-FDFF-4F51-A382-D88D64972727}.Debug|Any CPU.ActiveCfg = Debug|Any CPU
		{C9889C72-FDFF-4F51-A382-D88D64972727}.Debug|Any CPU.Build.0 = Debug|Any CPU
		{C9889C72-FDFF-4F51-A382-D88D64972727}.Debug|x64.ActiveCfg = Debug|Any CPU
		{C9889C72-FDFF-4F51-A382-D88D64972727}.Debug|x64.Build.0 = Debug|Any CPU
		{C9889C72-FDFF-4F51-A382-D88D64972727}.Debug|x86.ActiveCfg = Debug|Any CPU
		{C9889C72-FDFF-4F51-A382-D88D64972727}.Debug|x86.Build.0 = Debug|Any CPU
		{C9889C72-FDFF-4F51-A382-D88D64972727}.Release|Any CPU.ActiveCfg = Release|Any CPU
		{C9889C72-FDFF-4F51-A382-D88D64972727}.Release|Any CPU.Build.0 = Release|Any CPU
		{C9889C72-FDFF-4F51-A382-D88D64972727}.Release|x64.ActiveCfg = Release|Any CPU
		{C9889C72-FDFF-4F51-A382-D88D64972727}.Release|x64.Build.0 = Release|Any CPU
		{C9889C72-FDFF-4F51-A382-D88D64972727}.Release|x86.ActiveCfg = Release|Any CPU
		{C9889C72-FDFF-4F51-A382-D88D64972727}.Release|x86.Build.0 = Release|Any CPU
		{5DA16062-FC4F-47E6-8D3D-24E657DC723B}.Debug|Any CPU.ActiveCfg = Debug|Any CPU
		{5DA16062-FC4F-47E6-8D3D-24E657DC723B}.Debug|Any CPU.Build.0 = Debug|Any CPU
		{5DA16062-FC4F-47E6-8D3D-24E657DC723B}.Debug|x64.ActiveCfg = Debug|Any CPU
		{5DA16062-FC4F-47E6-8D3D-24E657DC723B}.Debug|x64.Build.0 = Debug|Any CPU
		{5DA16062-FC4F-47E6-8D3D-24E657DC723B}.Debug|x86.ActiveCfg = Debug|Any CPU
		{5DA16062-FC4F-47E6-8D3D-24E657DC723B}.Debug|x86.Build.0 = Debug|Any CPU
		{5DA16062-FC4F-47E6-8D3D-24E657DC723B}.Release|Any CPU.ActiveCfg = Release|Any CPU
		{5DA16062-FC4F-47E6-8D3D-24E657DC723B}.Release|Any CPU.Build.0 = Release|Any CPU
		{5DA16062-FC4F-47E6-8D3D-24E657DC723B}.Release|x64.ActiveCfg = Release|Any CPU
		{5DA16062-FC4F-47E6-8D3D-24E657DC723B}.Release|x64.Build.0 = Release|Any CPU
		{5DA16062-FC4F-47E6-8D3D-24E657DC723B}.Release|x86.ActiveCfg = Release|Any CPU
		{5DA16062-FC4F-47E6-8D3D-24E657DC723B}.Release|x86.Build.0 = Release|Any CPU
	EndGlobalSection
	GlobalSection(SolutionProperties) = preSolution
		HideSolutionNode = FALSE
	EndGlobalSection
	GlobalSection(NestedProjects) = preSolution
		{D7353038-09BE-4439-A44A-79D631B62BBA} = {0296E5E2-74ED-4FE5-8908-7CEDC1F51F95}
		{04BD17A4-7745-40BB-9C6D-7DEC01BB5EC2} = {0296E5E2-74ED-4FE5-8908-7CEDC1F51F95}
		{10FA8669-37C8-4F81-856C-CCC0EF820159} = {0296E5E2-74ED-4FE5-8908-7CEDC1F51F95}
		{D618500C-A24A-450C-9E36-F9F4B20E2B3C} = {E5516BF2-A6BD-4CEA-831A-4C113F02A3DD}
		{0B670BC6-99B2-4BC7-8EF8-B659D11841B0} = {E5516BF2-A6BD-4CEA-831A-4C113F02A3DD}
		{7EC98827-7070-46CC-8E8A-F515DAE5F3EB} = {0296E5E2-74ED-4FE5-8908-7CEDC1F51F95}
		{DD97E725-86EB-42DC-B6C8-F5DE08A8DCBF} = {7EC98827-7070-46CC-8E8A-F515DAE5F3EB}
		{011B84F0-AEAD-4836-91C9-90A19BF6A608} = {7E70EFD7-E90A-4FA7-9EA7-D793C4014B3B}
		{A09C47DD-4CA3-40F1-BB2C-6479863176EE} = {0296E5E2-74ED-4FE5-8908-7CEDC1F51F95}
		{A6A03B80-C2B3-4B59-BEF1-A3FA12D129FF} = {ADF16DA1-E70B-464A-B38C-83728B4D5827}
		{4926FB0D-EF29-420C-9E4B-0BAC5A1BDE1A} = {ADF16DA1-E70B-464A-B38C-83728B4D5827}
		{48886335-549D-4837-92F3-5F9546803BF9} = {ADF16DA1-E70B-464A-B38C-83728B4D5827}
		{A8BFA891-E983-42EF-82E6-B5294F278934} = {ADF16DA1-E70B-464A-B38C-83728B4D5827}
		{C9889C72-FDFF-4F51-A382-D88D64972727} = {0296E5E2-74ED-4FE5-8908-7CEDC1F51F95}
		{5DA16062-FC4F-47E6-8D3D-24E657DC723B} = {7EC98827-7070-46CC-8E8A-F515DAE5F3EB}
	EndGlobalSection
	GlobalSection(ExtensibilityGlobals) = postSolution
		SolutionGuid = {3D02F911-EA1F-481C-8B30-823E6F51F5F3}
	EndGlobalSection
EndGlobal
